
Microsoft Visual Studio Solution File, Format Version 12.00
# Visual Studio 15
VisualStudioVersion = 15.0.28307.329
MinimumVisualStudioVersion = 10.0.40219.1
Project("{FAE04EC0-301F-11D3-BF4B-00C04F79EFBC}") = "Books.Android", "Books\Books.Android\Books.Android.csproj", "{5304B55C-78AA-4714-8C88-C44621A851FC}"
EndProject
Project("{FAE04EC0-301F-11D3-BF4B-00C04F79EFBC}") = "Books.UWP", "Books\Books.UWP\Books.UWP.csproj", "{A406A092-74DA-494C-8D62-3EFBA86FBE55}"
EndProject
Project("{FAE04EC0-301F-11D3-BF4B-00C04F79EFBC}") = "Books", "Books\Books\Books.csproj", "{38965D56-C6B5-4BEF-AC5D-C76ABBE50A86}"
EndProject
Global
	GlobalSection(SolutionConfigurationPlatforms) = preSolution
		Debug|Any CPU = Debug|Any CPU
		Debug|ARM = Debug|ARM
		Debug|x64 = Debug|x64
		Debug|x86 = Debug|x86
		Release|Any CPU = Release|Any CPU
		Release|ARM = Release|ARM
		Release|x64 = Release|x64
		Release|x86 = Release|x86
	EndGlobalSection
	GlobalSection(ProjectConfigurationPlatforms) = postSolution
		{5304B55C-78AA-4714-8C88-C44621A851FC}.Debug|Any CPU.ActiveCfg = Debug|Any CPU
		{5304B55C-78AA-4714-8C88-C44621A851FC}.Debug|Any CPU.Build.0 = Debug|Any CPU
		{5304B55C-78AA-4714-8C88-C44621A851FC}.Debug|Any CPU.Deploy.0 = Debug|Any CPU
		{5304B55C-78AA-4714-8C88-C44621A851FC}.Debug|ARM.ActiveCfg = Debug|Any CPU
		{5304B55C-78AA-4714-8C88-C44621A851FC}.Debug|ARM.Build.0 = Debug|Any CPU
		{5304B55C-78AA-4714-8C88-C44621A851FC}.Debug|ARM.Deploy.0 = Debug|Any CPU
		{5304B55C-78AA-4714-8C88-C44621A851FC}.Debug|x64.ActiveCfg = Debug|Any CPU
		{5304B55C-78AA-4714-8C88-C44621A851FC}.Debug|x64.Build.0 = Debug|Any CPU
		{5304B55C-78AA-4714-8C88-C44621A851FC}.Debug|x64.Deploy.0 = Debug|Any CPU
		{5304B55C-78AA-4714-8C88-C44621A851FC}.Debug|x86.ActiveCfg = Debug|Any CPU
		{5304B55C-78AA-4714-8C88-C44621A851FC}.Debug|x86.Build.0 = Debug|Any CPU
		{5304B55C-78AA-4714-8C88-C44621A851FC}.Debug|x86.Deploy.0 = Debug|Any CPU
		{5304B55C-78AA-4714-8C88-C44621A851FC}.Release|Any CPU.ActiveCfg = Release|Any CPU
		{5304B55C-78AA-4714-8C88-C44621A851FC}.Release|Any CPU.Build.0 = Release|Any CPU
		{5304B55C-78AA-4714-8C88-C44621A851FC}.Release|Any CPU.Deploy.0 = Release|Any CPU
		{5304B55C-78AA-4714-8C88-C44621A851FC}.Release|ARM.ActiveCfg = Release|Any CPU
		{5304B55C-78AA-4714-8C88-C44621A851FC}.Release|ARM.Build.0 = Release|Any CPU
		{5304B55C-78AA-4714-8C88-C44621A851FC}.Release|ARM.Deploy.0 = Release|Any CPU
		{5304B55C-78AA-4714-8C88-C44621A851FC}.Release|x64.ActiveCfg = Release|Any CPU
		{5304B55C-78AA-4714-8C88-C44621A851FC}.Release|x64.Build.0 = Release|Any CPU
		{5304B55C-78AA-4714-8C88-C44621A851FC}.Release|x64.Deploy.0 = Release|Any CPU
		{5304B55C-78AA-4714-8C88-C44621A851FC}.Release|x86.ActiveCfg = Release|Any CPU
		{5304B55C-78AA-4714-8C88-C44621A851FC}.Release|x86.Build.0 = Release|Any CPU
		{5304B55C-78AA-4714-8C88-C44621A851FC}.Release|x86.Deploy.0 = Release|Any CPU
		{A406A092-74DA-494C-8D62-3EFBA86FBE55}.Debug|Any CPU.ActiveCfg = Debug|x86
		{A406A092-74DA-494C-8D62-3EFBA86FBE55}.Debug|Any CPU.Build.0 = Debug|x86
		{A406A092-74DA-494C-8D62-3EFBA86FBE55}.Debug|Any CPU.Deploy.0 = Debug|x86
		{A406A092-74DA-494C-8D62-3EFBA86FBE55}.Debug|ARM.ActiveCfg = Debug|ARM
		{A406A092-74DA-494C-8D62-3EFBA86FBE55}.Debug|ARM.Build.0 = Debug|ARM
		{A406A092-74DA-494C-8D62-3EFBA86FBE55}.Debug|ARM.Deploy.0 = Debug|ARM
		{A406A092-74DA-494C-8D62-3EFBA86FBE55}.Debug|x64.ActiveCfg = Debug|x64
		{A406A092-74DA-494C-8D62-3EFBA86FBE55}.Debug|x64.Build.0 = Debug|x64
		{A406A092-74DA-494C-8D62-3EFBA86FBE55}.Debug|x64.Deploy.0 = Debug|x64
		{A406A092-74DA-494C-8D62-3EFBA86FBE55}.Debug|x86.ActiveCfg = Debug|x86
		{A406A092-74DA-494C-8D62-3EFBA86FBE55}.Debug|x86.Build.0 = Debug|x86
		{A406A092-74DA-494C-8D62-3EFBA86FBE55}.Debug|x86.Deploy.0 = Debug|x86
		{A406A092-74DA-494C-8D62-3EFBA86FBE55}.Release|Any CPU.ActiveCfg = Release|x86
		{A406A092-74DA-494C-8D62-3EFBA86FBE55}.Release|Any CPU.Build.0 = Release|x86
		{A406A092-74DA-494C-8D62-3EFBA86FBE55}.Release|Any CPU.Deploy.0 = Release|x86
		{A406A092-74DA-494C-8D62-3EFBA86FBE55}.Release|ARM.ActiveCfg = Release|ARM
		{A406A092-74DA-494C-8D62-3EFBA86FBE55}.Release|ARM.Build.0 = Release|ARM
		{A406A092-74DA-494C-8D62-3EFBA86FBE55}.Release|ARM.Deploy.0 = Release|ARM
		{A406A092-74DA-494C-8D62-3EFBA86FBE55}.Release|x64.ActiveCfg = Release|x64
		{A406A092-74DA-494C-8D62-3EFBA86FBE55}.Release|x64.Build.0 = Release|x64
		{A406A092-74DA-494C-8D62-3EFBA86FBE55}.Release|x64.Deploy.0 = Release|x64
		{A406A092-74DA-494C-8D62-3EFBA86FBE55}.Release|x86.ActiveCfg = Release|x86
		{A406A092-74DA-494C-8D62-3EFBA86FBE55}.Release|x86.Build.0 = Release|x86
		{A406A092-74DA-494C-8D62-3EFBA86FBE55}.Release|x86.Deploy.0 = Release|x86
		{38965D56-C6B5-4BEF-AC5D-C76ABBE50A86}.Debug|Any CPU.ActiveCfg = Debug|Any CPU
		{38965D56-C6B5-4BEF-AC5D-C76ABBE50A86}.Debug|Any CPU.Build.0 = Debug|Any CPU
		{38965D56-C6B5-4BEF-AC5D-C76ABBE50A86}.Debug|Any CPU.Deploy.0 = Debug|Any CPU
		{38965D56-C6B5-4BEF-AC5D-C76ABBE50A86}.Debug|ARM.ActiveCfg = Debug|Any CPU
		{38965D56-C6B5-4BEF-AC5D-C76ABBE50A86}.Debug|ARM.Build.0 = Debug|Any CPU
		{38965D56-C6B5-4BEF-AC5D-C76ABBE50A86}.Debug|ARM.Deploy.0 = Debug|Any CPU
		{38965D56-C6B5-4BEF-AC5D-C76ABBE50A86}.Debug|x64.ActiveCfg = Debug|Any CPU
		{38965D56-C6B5-4BEF-AC5D-C76ABBE50A86}.Debug|x64.Build.0 = Debug|Any CPU
		{38965D56-C6B5-4BEF-AC5D-C76ABBE50A86}.Debug|x64.Deploy.0 = Debug|Any CPU
		{38965D56-C6B5-4BEF-AC5D-C76ABBE50A86}.Debug|x86.ActiveCfg = Debug|Any CPU
		{38965D56-C6B5-4BEF-AC5D-C76ABBE50A86}.Debug|x86.Build.0 = Debug|Any CPU
		{38965D56-C6B5-4BEF-AC5D-C76ABBE50A86}.Debug|x86.Deploy.0 = Debug|Any CPU
		{38965D56-C6B5-4BEF-AC5D-C76ABBE50A86}.Release|Any CPU.ActiveCfg = Release|Any CPU
		{38965D56-C6B5-4BEF-AC5D-C76ABBE50A86}.Release|Any CPU.Build.0 = Release|Any CPU
		{38965D56-C6B5-4BEF-AC5D-C76ABBE50A86}.Release|Any CPU.Deploy.0 = Release|Any CPU
		{38965D56-C6B5-4BEF-AC5D-C76ABBE50A86}.Release|ARM.ActiveCfg = Release|Any CPU
		{38965D56-C6B5-4BEF-AC5D-C76ABBE50A86}.Release|ARM.Build.0 = Release|Any CPU
		{38965D56-C6B5-4BEF-AC5D-C76ABBE50A86}.Release|ARM.Deploy.0 = Release|Any CPU
		{38965D56-C6B5-4BEF-AC5D-C76ABBE50A86}.Release|x64.ActiveCfg = Release|Any CPU
		{38965D56-C6B5-4BEF-AC5D-C76ABBE50A86}.Release|x64.Build.0 = Release|Any CPU
		{38965D56-C6B5-4BEF-AC5D-C76ABBE50A86}.Release|x64.Deploy.0 = Release|Any CPU
		{38965D56-C6B5-4BEF-AC5D-C76ABBE50A86}.Release|x86.ActiveCfg = Release|Any CPU
		{38965D56-C6B5-4BEF-AC5D-C76ABBE50A86}.Release|x86.Build.0 = Release|Any CPU
		{38965D56-C6B5-4BEF-AC5D-C76ABBE50A86}.Release|x86.Deploy.0 = Release|Any CPU
	EndGlobalSection
	GlobalSection(SolutionProperties) = preSolution
		HideSolutionNode = FALSE
	EndGlobalSection
	GlobalSection(ExtensibilityGlobals) = postSolution
		SolutionGuid = {356C8F39-EDAD-4804-9BEF-000818FCDDDF}
	EndGlobalSection
EndGlobal
